{"filter":false,"title":"package-lock.json","tooltip":"/evalucacion-docente/package-lock.json","undoManager":{"mark":-1,"position":-1,"stack":[]},"ace":{"folds":[],"scrolltop":6350.5,"scrollleft":0,"selection":{"start":{"row":0,"column":0},"end":{"row":0,"column":0},"isBackwards":false},"options":{"guessTabSize":true,"useWrapMode":false,"wrapToView":true},"firstLineState":{"row":395,"state":"start","mode":"ace/mode/json"}},"timestamp":1524598455250,"hash":"995028f0021e87ce513dbec268474b35a40d7506"}